{
  "name": "Cthulhu",
  "version": "0.0.0",
  "lockfileVersion": 1,
  "requires": true,
  "dependencies": {
    "brooswit-common": {
      "version": "git+https://github.com/brooswit/js-common.git#db6363ce2f427ff7d39160bb057314daf4147f7e",
      "from": "git+https://github.com/brooswit/js-common.git"
    }
  }
}
