{
  "name": "Cthulhu",
  "version": "0.0.0",
  "lockfileVersion": 1,
  "requires": true,
  "dependencies": {
    "brooswit-common": {
      "version": "git+https://github.com/brooswit/js-common.git#494101eef8a369564e413ebef30e1e8e615b4742",
      "from": "git+https://github.com/brooswit/js-common.git"
    }
  }
}
